
Microsoft Visual Studio Solution File, Format Version 12.00
# Visual Studio Version 17
VisualStudioVersion = 17.14.36429.23
MinimumVisualStudioVersion = 10.0.40219.1
Project("{FAE04EC0-301F-11D3-BF4B-00C04F79EFBC}") = "ChameleonGame.View", "ChameleonGame.View\ChameleonGame.View.csproj", "{8659219B-19C1-4E9D-8636-0EC00AF914EF}"
EndProject
Project("{FAE04EC0-301F-11D3-BF4B-00C04F79EFBC}") = "ChameleonGame", "ChameleonGame\ChameleonGame.csproj", "{C5C0F4AB-9560-6DE3-3CAB-11F0E5C391E4}"
EndProject
Project("{FAE04EC0-301F-11D3-BF4B-00C04F79EFBC}") = "ChameleonGame.Test", "ChameleonGameTest\ChameleonGame.Test.csproj", "{CA0800D0-8FF9-4B20-A91C-E76A9C2FA447}"
EndProject
Global
	GlobalSection(SolutionConfigurationPlatforms) = preSolution
		Debug|Any CPU = Debug|Any CPU
		Release|Any CPU = Release|Any CPU
	EndGlobalSection
	GlobalSection(ProjectConfigurationPlatforms) = postSolution
		{8659219B-19C1-4E9D-8636-0EC00AF914EF}.Debug|Any CPU.ActiveCfg = Debug|Any CPU
		{8659219B-19C1-4E9D-8636-0EC00AF914EF}.Debug|Any CPU.Build.0 = Debug|Any CPU
		{8659219B-19C1-4E9D-8636-0EC00AF914EF}.Release|Any CPU.ActiveCfg = Release|Any CPU
		{8659219B-19C1-4E9D-8636-0EC00AF914EF}.Release|Any CPU.Build.0 = Release|Any CPU
		{C5C0F4AB-9560-6DE3-3CAB-11F0E5C391E4}.Debug|Any CPU.ActiveCfg = Debug|Any CPU
		{C5C0F4AB-9560-6DE3-3CAB-11F0E5C391E4}.Debug|Any CPU.Build.0 = Debug|Any CPU
		{C5C0F4AB-9560-6DE3-3CAB-11F0E5C391E4}.Release|Any CPU.ActiveCfg = Release|Any CPU
		{C5C0F4AB-9560-6DE3-3CAB-11F0E5C391E4}.Release|Any CPU.Build.0 = Release|Any CPU
		{CA0800D0-8FF9-4B20-A91C-E76A9C2FA447}.Debug|Any CPU.ActiveCfg = Debug|Any CPU
		{CA0800D0-8FF9-4B20-A91C-E76A9C2FA447}.Debug|Any CPU.Build.0 = Debug|Any CPU
		{CA0800D0-8FF9-4B20-A91C-E76A9C2FA447}.Release|Any CPU.ActiveCfg = Release|Any CPU
		{CA0800D0-8FF9-4B20-A91C-E76A9C2FA447}.Release|Any CPU.Build.0 = Release|Any CPU
	EndGlobalSection
	GlobalSection(SolutionProperties) = preSolution
		HideSolutionNode = FALSE
	EndGlobalSection
	GlobalSection(ExtensibilityGlobals) = postSolution
		SolutionGuid = {7F4A8810-8D99-4561-9B38-3BBD3F713E37}
	EndGlobalSection
EndGlobal
